
Microsoft Visual Studio Solution File, Format Version 12.00
# Visual Studio Version 16
VisualStudioVersion = 16.0.29326.143
MinimumVisualStudioVersion = 15.0.26124.0
Project("{9A19103F-16F7-4668-BE54-9A1E7A4F7556}") = "DesafioT.Domain", "DesafioT.Domain\DesafioT.Domain.csproj", "{DAEBE391-4C78-41BD-860D-35EE657778B0}"
EndProject
Project("{9A19103F-16F7-4668-BE54-9A1E7A4F7556}") = "DesafioT.Infra.Data", "DesafioT.Infra.Data\DesafioT.Infra.Data.csproj", "{68A1C6C4-577B-4CAC-90B1-1B2C5A6BF083}"
EndProject
Project("{9A19103F-16F7-4668-BE54-9A1E7A4F7556}") = "DesafioT.API", "DesafioT.API\DesafioT.API.csproj", "{3354EEF3-A8FA-4D66-A288-F94C681EC54D}"
EndProject
Project("{FAE04EC0-301F-11D3-BF4B-00C04F79EFBC}") = "DesafioT.Tests", "DesafioT.Tests\DesafioT.Tests.csproj", "{CBB0BEB4-9A8C-442F-AE35-3BB11B1C9886}"
EndProject
Global
	GlobalSection(SolutionConfigurationPlatforms) = preSolution
		Debug|Any CPU = Debug|Any CPU
		Debug|x64 = Debug|x64
		Debug|x86 = Debug|x86
		Release|Any CPU = Release|Any CPU
		Release|x64 = Release|x64
		Release|x86 = Release|x86
	EndGlobalSection
	GlobalSection(ProjectConfigurationPlatforms) = postSolution
		{DAEBE391-4C78-41BD-860D-35EE657778B0}.Debug|Any CPU.ActiveCfg = Debug|Any CPU
		{DAEBE391-4C78-41BD-860D-35EE657778B0}.Debug|Any CPU.Build.0 = Debug|Any CPU
		{DAEBE391-4C78-41BD-860D-35EE657778B0}.Debug|x64.ActiveCfg = Debug|Any CPU
		{DAEBE391-4C78-41BD-860D-35EE657778B0}.Debug|x64.Build.0 = Debug|Any CPU
		{DAEBE391-4C78-41BD-860D-35EE657778B0}.Debug|x86.ActiveCfg = Debug|Any CPU
		{DAEBE391-4C78-41BD-860D-35EE657778B0}.Debug|x86.Build.0 = Debug|Any CPU
		{DAEBE391-4C78-41BD-860D-35EE657778B0}.Release|Any CPU.ActiveCfg = Release|Any CPU
		{DAEBE391-4C78-41BD-860D-35EE657778B0}.Release|Any CPU.Build.0 = Release|Any CPU
		{DAEBE391-4C78-41BD-860D-35EE657778B0}.Release|x64.ActiveCfg = Release|Any CPU
		{DAEBE391-4C78-41BD-860D-35EE657778B0}.Release|x64.Build.0 = Release|Any CPU
		{DAEBE391-4C78-41BD-860D-35EE657778B0}.Release|x86.ActiveCfg = Release|Any CPU
		{DAEBE391-4C78-41BD-860D-35EE657778B0}.Release|x86.Build.0 = Release|Any CPU
		{68A1C6C4-577B-4CAC-90B1-1B2C5A6BF083}.Debug|Any CPU.ActiveCfg = Debug|Any CPU
		{68A1C6C4-577B-4CAC-90B1-1B2C5A6BF083}.Debug|Any CPU.Build.0 = Debug|Any CPU
		{68A1C6C4-577B-4CAC-90B1-1B2C5A6BF083}.Debug|x64.ActiveCfg = Debug|Any CPU
		{68A1C6C4-577B-4CAC-90B1-1B2C5A6BF083}.Debug|x64.Build.0 = Debug|Any CPU
		{68A1C6C4-577B-4CAC-90B1-1B2C5A6BF083}.Debug|x86.ActiveCfg = Debug|Any CPU
		{68A1C6C4-577B-4CAC-90B1-1B2C5A6BF083}.Debug|x86.Build.0 = Debug|Any CPU
		{68A1C6C4-577B-4CAC-90B1-1B2C5A6BF083}.Release|Any CPU.ActiveCfg = Release|Any CPU
		{68A1C6C4-577B-4CAC-90B1-1B2C5A6BF083}.Release|Any CPU.Build.0 = Release|Any CPU
		{68A1C6C4-577B-4CAC-90B1-1B2C5A6BF083}.Release|x64.ActiveCfg = Release|Any CPU
		{68A1C6C4-577B-4CAC-90B1-1B2C5A6BF083}.Release|x64.Build.0 = Release|Any CPU
		{68A1C6C4-577B-4CAC-90B1-1B2C5A6BF083}.Release|x86.ActiveCfg = Release|Any CPU
		{68A1C6C4-577B-4CAC-90B1-1B2C5A6BF083}.Release|x86.Build.0 = Release|Any CPU
		{3354EEF3-A8FA-4D66-A288-F94C681EC54D}.Debug|Any CPU.ActiveCfg = Debug|Any CPU
		{3354EEF3-A8FA-4D66-A288-F94C681EC54D}.Debug|Any CPU.Build.0 = Debug|Any CPU
		{3354EEF3-A8FA-4D66-A288-F94C681EC54D}.Debug|x64.ActiveCfg = Debug|Any CPU
		{3354EEF3-A8FA-4D66-A288-F94C681EC54D}.Debug|x64.Build.0 = Debug|Any CPU
		{3354EEF3-A8FA-4D66-A288-F94C681EC54D}.Debug|x86.ActiveCfg = Debug|Any CPU
		{3354EEF3-A8FA-4D66-A288-F94C681EC54D}.Debug|x86.Build.0 = Debug|Any CPU
		{3354EEF3-A8FA-4D66-A288-F94C681EC54D}.Release|Any CPU.ActiveCfg = Release|Any CPU
		{3354EEF3-A8FA-4D66-A288-F94C681EC54D}.Release|Any CPU.Build.0 = Release|Any CPU
		{3354EEF3-A8FA-4D66-A288-F94C681EC54D}.Release|x64.ActiveCfg = Release|Any CPU
		{3354EEF3-A8FA-4D66-A288-F94C681EC54D}.Release|x64.Build.0 = Release|Any CPU
		{3354EEF3-A8FA-4D66-A288-F94C681EC54D}.Release|x86.ActiveCfg = Release|Any CPU
		{3354EEF3-A8FA-4D66-A288-F94C681EC54D}.Release|x86.Build.0 = Release|Any CPU
		{CBB0BEB4-9A8C-442F-AE35-3BB11B1C9886}.Debug|Any CPU.ActiveCfg = Debug|Any CPU
		{CBB0BEB4-9A8C-442F-AE35-3BB11B1C9886}.Debug|Any CPU.Build.0 = Debug|Any CPU
		{CBB0BEB4-9A8C-442F-AE35-3BB11B1C9886}.Debug|x64.ActiveCfg = Debug|Any CPU
		{CBB0BEB4-9A8C-442F-AE35-3BB11B1C9886}.Debug|x64.Build.0 = Debug|Any CPU
		{CBB0BEB4-9A8C-442F-AE35-3BB11B1C9886}.Debug|x86.ActiveCfg = Debug|Any CPU
		{CBB0BEB4-9A8C-442F-AE35-3BB11B1C9886}.Debug|x86.Build.0 = Debug|Any CPU
		{CBB0BEB4-9A8C-442F-AE35-3BB11B1C9886}.Release|Any CPU.ActiveCfg = Release|Any CPU
		{CBB0BEB4-9A8C-442F-AE35-3BB11B1C9886}.Release|Any CPU.Build.0 = Release|Any CPU
		{CBB0BEB4-9A8C-442F-AE35-3BB11B1C9886}.Release|x64.ActiveCfg = Release|Any CPU
		{CBB0BEB4-9A8C-442F-AE35-3BB11B1C9886}.Release|x64.Build.0 = Release|Any CPU
		{CBB0BEB4-9A8C-442F-AE35-3BB11B1C9886}.Release|x86.ActiveCfg = Release|Any CPU
		{CBB0BEB4-9A8C-442F-AE35-3BB11B1C9886}.Release|x86.Build.0 = Release|Any CPU
	EndGlobalSection
	GlobalSection(SolutionProperties) = preSolution
		HideSolutionNode = FALSE
	EndGlobalSection
	GlobalSection(ExtensibilityGlobals) = postSolution
		SolutionGuid = {85C53B1F-5A6F-4576-B573-35618A401153}
	EndGlobalSection
EndGlobal
